# Run ./gradlew --write-locks to regenerate this file
com.fasterxml.jackson.core:jackson-annotations:2.17.2 (2 constraints: 112720e5)
com.fasterxml.jackson.core:jackson-core:2.17.2 (5 constraints: 1d6b7420)
com.fasterxml.jackson.core:jackson-databind:2.17.2 (5 constraints: cf5d2456)
com.fasterxml.jackson.datatype:jackson-datatype-guava:2.16.1 (1 constraints: 86142390)
com.fasterxml.jackson.datatype:jackson-datatype-jdk8:2.16.1 (1 constraints: 0d132339)
com.fasterxml.jackson.module:jackson-module-parameter-names:2.16.1 (1 constraints: 0d132339)
com.google.code.findbugs:jsr305:3.0.2 (1 constraints: 170aecb4)
com.google.errorprone:error_prone_annotations:2.26.1 (1 constraints: 4d0a46bf)
com.google.guava:failureaccess:1.0.2 (1 constraints: 150ae2b4)
com.google.guava:guava:33.2.1-jre (4 constraints: be48a3db)
com.google.guava:listenablefuture:9999.0-empty-to-avoid-conflict-with-guava (1 constraints: bd17c918)
com.google.j2objc:j2objc-annotations:3.0.0 (1 constraints: 150aeab4)
com.palantir.javaformat:palantir-java-format:2.47.0 (1 constraints: 3f05503b)
com.palantir.javaformat:palantir-java-format-spi:2.47.0 (2 constraints: 4e18a48f)
com.palantir.javapoet:javapoet:0.1.0 (1 constraints: 0305ee35)
com.squareup:javapoet:1.13.0 (1 constraints: 3705323b)
org.checkerframework:checker-qual:3.42.0 (1 constraints: 4b0a47bf)
org.functionaljava:functionaljava:4.8 (1 constraints: 81129900)

[Test dependencies]
net.bytebuddy:byte-buddy:1.14.16 (2 constraints: f8167267)
net.bytebuddy:byte-buddy-agent:1.14.15 (1 constraints: 760bb5e9)
org.apiguardian:apiguardian-api:1.1.2 (5 constraints: 105480ac)
org.assertj:assertj-core:3.26.0 (1 constraints: 3d054b3b)
org.junit.jupiter:junit-jupiter:5.10.3 (1 constraints: 3b05443b)
org.junit.jupiter:junit-jupiter-api:5.10.3 (3 constraints: f42fa151)
org.junit.jupiter:junit-jupiter-engine:5.10.3 (1 constraints: 360e004a)
org.junit.jupiter:junit-jupiter-params:5.10.3 (1 constraints: 360e004a)
org.junit.platform:junit-platform-commons:1.10.3 (2 constraints: 3121b583)
org.junit.platform:junit-platform-engine:1.10.3 (1 constraints: d510e7c4)
org.mockito:mockito-core:5.12.0 (1 constraints: 3a05473b)
org.objenesis:objenesis:3.3 (1 constraints: b20a14bd)
org.opentest4j:opentest4j:1.3.0 (2 constraints: cf209249)
