# Run ./gradlew --write-locks to regenerate this file
com.fasterxml.jackson.core:jackson-annotations:2.15.2 (2 constraints: 0e27a1e4)
com.fasterxml.jackson.core:jackson-core:2.15.2 (5 constraints: 176b001d)
com.fasterxml.jackson.core:jackson-databind:2.15.2 (5 constraints: c95db052)
com.fasterxml.jackson.datatype:jackson-datatype-guava:2.14.2 (1 constraints: 85141e90)
com.fasterxml.jackson.datatype:jackson-datatype-jdk8:2.14.2 (1 constraints: 0c131e39)
com.fasterxml.jackson.module:jackson-module-parameter-names:2.14.2 (1 constraints: 0c131e39)
com.google.code.findbugs:jsr305:3.0.2 (1 constraints: 170aecb4)
com.google.errorprone:error_prone_annotations:2.18.0 (1 constraints: 4d0a47bf)
com.google.guava:failureaccess:1.0.1 (1 constraints: 140ae1b4)
com.google.guava:guava:32.1.1-jre (4 constraints: 494736b5)
com.google.guava:listenablefuture:9999.0-empty-to-avoid-conflict-with-guava (1 constraints: bd17c918)
com.google.j2objc:j2objc-annotations:2.8 (1 constraints: be09f5a0)
com.palantir.javaformat:palantir-java-format:2.33.0 (1 constraints: 3a05403b)
com.palantir.javaformat:palantir-java-format-spi:2.33.0 (2 constraints: 4418768e)
com.squareup:javapoet:1.13.0 (1 constraints: 3705323b)
org.checkerframework:checker-qual:3.33.0 (1 constraints: 4b0a46bf)
org.functionaljava:functionaljava:4.8 (1 constraints: 81129900)

[Test dependencies]
net.bytebuddy:byte-buddy:1.14.5 (2 constraints: c116a74f)
net.bytebuddy:byte-buddy-agent:1.14.5 (1 constraints: 450b43de)
org.apiguardian:apiguardian-api:1.1.2 (5 constraints: 105480ac)
org.assertj:assertj-core:3.24.2 (1 constraints: 3d05473b)
org.junit.jupiter:junit-jupiter:5.10.0 (1 constraints: 3805413b)
org.junit.jupiter:junit-jupiter-api:5.10.0 (3 constraints: eb2fe84f)
org.junit.jupiter:junit-jupiter-engine:5.10.0 (1 constraints: 330efd49)
org.junit.jupiter:junit-jupiter-params:5.10.0 (1 constraints: 330efd49)
org.junit.platform:junit-platform-commons:1.10.0 (2 constraints: 2b211983)
org.junit.platform:junit-platform-engine:1.10.0 (1 constraints: d210e4c4)
org.mockito:mockito-core:5.4.0 (1 constraints: 0b051036)
org.objenesis:objenesis:3.3 (1 constraints: b20a14bd)
org.opentest4j:opentest4j:1.3.0 (2 constraints: cf209249)
